
Microsoft Visual Studio Solution File, Format Version 12.00
# Visual Studio 15
VisualStudioVersion = 15.0.27703.2035
MinimumVisualStudioVersion = 10.0.40219.1
Project("{2150E333-8FDC-42A3-9474-1A3956D46DE8}") = "01.Factory Pattern(工厂模式)", "01.Factory Pattern(工厂模式)", "{6F20499C-66F5-48C3-B4EB-D43347750F04}"
EndProject
Project("{2150E333-8FDC-42A3-9474-1A3956D46DE8}") = "说明", "说明", "{E6CF608A-2CD1-4626-B331-80CFD6DBF64A}"
	ProjectSection(SolutionItems) = preProject
		README.md = README.md
	EndProjectSection
EndProject
Project("{2150E333-8FDC-42A3-9474-1A3956D46DE8}") = "1-Creational Patterns（创建型模式）", "1-Creational Patterns（创建型模式）", "{142E94C8-A935-486E-A590-C0D895D820A9}"
EndProject
Project("{9A19103F-16F7-4668-BE54-9A1E7A4F7556}") = "FactoryPattern", "FactoryPattern\FactoryPattern.csproj", "{5DB58914-EAEF-4304-8758-BEEF85262609}"
EndProject
Project("{2150E333-8FDC-42A3-9474-1A3956D46DE8}") = "02.Abstract Factory（抽象工厂模式）", "02.Abstract Factory（抽象工厂模式）", "{60FF53E9-E641-42F9-9F3E-BF27D0F1A5EA}"
EndProject
Project("{9A19103F-16F7-4668-BE54-9A1E7A4F7556}") = "AbstractFactory", "AbstractFactory\AbstractFactory.csproj", "{662D936C-F4B9-438C-9662-43FA7DDFBBFD}"
EndProject
Project("{2150E333-8FDC-42A3-9474-1A3956D46DE8}") = "03.Singletion Pattern(单例模式)", "03.Singletion Pattern(单例模式)", "{18C370CF-4920-4BF4-BBD1-474C6E3D1DA1}"
EndProject
Project("{2150E333-8FDC-42A3-9474-1A3956D46DE8}") = "04.Builder Pattern(建造者模式)", "04.Builder Pattern(建造者模式)", "{4C629E90-66A2-4C94-82BC-A5CA0FCB8215}"
EndProject
Project("{2150E333-8FDC-42A3-9474-1A3956D46DE8}") = "05.Prototype Pattern(原型模式)", "05.Prototype Pattern(原型模式)", "{897D6077-E47D-45D5-9E16-FE3E91D34035}"
EndProject
Project("{FAE04EC0-301F-11D3-BF4B-00C04F79EFBC}") = "SingletionPattern", "SingletionPattern\SingletionPattern.csproj", "{A2445396-72DE-4F84-A3F0-A5263B199B3F}"
EndProject
Project("{FAE04EC0-301F-11D3-BF4B-00C04F79EFBC}") = "BuilderPattern", "BuilderPattern\BuilderPattern.csproj", "{69BE7E56-2D5C-400F-AC24-B602F96ACA05}"
EndProject
Project("{FAE04EC0-301F-11D3-BF4B-00C04F79EFBC}") = "PrototypePattern", "PrototypePattern\PrototypePattern.csproj", "{17254405-6035-4474-BC75-49A158770B8A}"
EndProject
Global
	GlobalSection(SolutionConfigurationPlatforms) = preSolution
		Debug|Any CPU = Debug|Any CPU
		Release|Any CPU = Release|Any CPU
	EndGlobalSection
	GlobalSection(ProjectConfigurationPlatforms) = postSolution
		{5DB58914-EAEF-4304-8758-BEEF85262609}.Debug|Any CPU.ActiveCfg = Debug|Any CPU
		{5DB58914-EAEF-4304-8758-BEEF85262609}.Debug|Any CPU.Build.0 = Debug|Any CPU
		{5DB58914-EAEF-4304-8758-BEEF85262609}.Release|Any CPU.ActiveCfg = Release|Any CPU
		{5DB58914-EAEF-4304-8758-BEEF85262609}.Release|Any CPU.Build.0 = Release|Any CPU
		{662D936C-F4B9-438C-9662-43FA7DDFBBFD}.Debug|Any CPU.ActiveCfg = Debug|Any CPU
		{662D936C-F4B9-438C-9662-43FA7DDFBBFD}.Debug|Any CPU.Build.0 = Debug|Any CPU
		{662D936C-F4B9-438C-9662-43FA7DDFBBFD}.Release|Any CPU.ActiveCfg = Release|Any CPU
		{662D936C-F4B9-438C-9662-43FA7DDFBBFD}.Release|Any CPU.Build.0 = Release|Any CPU
		{A2445396-72DE-4F84-A3F0-A5263B199B3F}.Debug|Any CPU.ActiveCfg = Debug|Any CPU
		{A2445396-72DE-4F84-A3F0-A5263B199B3F}.Debug|Any CPU.Build.0 = Debug|Any CPU
		{A2445396-72DE-4F84-A3F0-A5263B199B3F}.Release|Any CPU.ActiveCfg = Release|Any CPU
		{A2445396-72DE-4F84-A3F0-A5263B199B3F}.Release|Any CPU.Build.0 = Release|Any CPU
		{69BE7E56-2D5C-400F-AC24-B602F96ACA05}.Debug|Any CPU.ActiveCfg = Debug|Any CPU
		{69BE7E56-2D5C-400F-AC24-B602F96ACA05}.Debug|Any CPU.Build.0 = Debug|Any CPU
		{69BE7E56-2D5C-400F-AC24-B602F96ACA05}.Release|Any CPU.ActiveCfg = Release|Any CPU
		{69BE7E56-2D5C-400F-AC24-B602F96ACA05}.Release|Any CPU.Build.0 = Release|Any CPU
		{17254405-6035-4474-BC75-49A158770B8A}.Debug|Any CPU.ActiveCfg = Debug|Any CPU
		{17254405-6035-4474-BC75-49A158770B8A}.Debug|Any CPU.Build.0 = Debug|Any CPU
		{17254405-6035-4474-BC75-49A158770B8A}.Release|Any CPU.ActiveCfg = Release|Any CPU
		{17254405-6035-4474-BC75-49A158770B8A}.Release|Any CPU.Build.0 = Release|Any CPU
	EndGlobalSection
	GlobalSection(SolutionProperties) = preSolution
		HideSolutionNode = FALSE
	EndGlobalSection
	GlobalSection(NestedProjects) = preSolution
		{6F20499C-66F5-48C3-B4EB-D43347750F04} = {142E94C8-A935-486E-A590-C0D895D820A9}
		{5DB58914-EAEF-4304-8758-BEEF85262609} = {6F20499C-66F5-48C3-B4EB-D43347750F04}
		{60FF53E9-E641-42F9-9F3E-BF27D0F1A5EA} = {142E94C8-A935-486E-A590-C0D895D820A9}
		{662D936C-F4B9-438C-9662-43FA7DDFBBFD} = {60FF53E9-E641-42F9-9F3E-BF27D0F1A5EA}
		{18C370CF-4920-4BF4-BBD1-474C6E3D1DA1} = {142E94C8-A935-486E-A590-C0D895D820A9}
		{4C629E90-66A2-4C94-82BC-A5CA0FCB8215} = {142E94C8-A935-486E-A590-C0D895D820A9}
		{897D6077-E47D-45D5-9E16-FE3E91D34035} = {142E94C8-A935-486E-A590-C0D895D820A9}
		{A2445396-72DE-4F84-A3F0-A5263B199B3F} = {18C370CF-4920-4BF4-BBD1-474C6E3D1DA1}
		{69BE7E56-2D5C-400F-AC24-B602F96ACA05} = {4C629E90-66A2-4C94-82BC-A5CA0FCB8215}
		{17254405-6035-4474-BC75-49A158770B8A} = {897D6077-E47D-45D5-9E16-FE3E91D34035}
	EndGlobalSection
	GlobalSection(ExtensibilityGlobals) = postSolution
		SolutionGuid = {4D925921-D271-4A0E-94F1-35E2259CA60D}
	EndGlobalSection
EndGlobal
